{
  "name": "chess",
  "version": "1.0.0",
  "lockfileVersion": 2,
  "requires": true,
  "packages": {
    "": {
      "version": "1.0.0",
      "license": "ISC",
      "dependencies": {
        "chess.js": "^0.11.0",
        "pixi-sound": "^3.0.5"
      }
    },
    "node_modules/@pixi/constants": {
      "version": "5.3.7",
      "resolved": "https://registry.npmjs.org/@pixi/constants/-/constants-5.3.7.tgz",
      "integrity": "sha512-MBcgIM/mSqonFezkCI9080IqNlc0wb8S9QJ5otBdseOWUQa/ua2jF7Jd1sCBGmi0IzS9/NOHFXzZVTdS7AC7Ow==",
      "peer": true
    },
    "node_modules/@pixi/core": {
      "version": "5.3.7",
      "resolved": "https://registry.npmjs.org/@pixi/core/-/core-5.3.7.tgz",
      "integrity": "sha512-WBhU2f5aJSVVaFP55FFBFKjKlRf5fYGxgA/U3kD4yD4Y3d3d6V3MIZv+o0VX+kBs1Eq7ePZqEv2smDrlzzMEjQ==",
      "peer": true,
      "dependencies": {
        "@pixi/constants": "5.3.7",
        "@pixi/math": "5.3.7",
        "@pixi/runner": "5.3.7",
        "@pixi/settings": "5.3.7",
        "@pixi/ticker": "5.3.7",
        "@pixi/utils": "5.3.7"
      },
      "funding": {
        "type": "opencollective",
        "url": "https://opencollective.com/pixijs"
      }
    },
    "node_modules/@pixi/loaders": {
      "version": "5.3.7",
      "resolved": "https://registry.npmjs.org/@pixi/loaders/-/loaders-5.3.7.tgz",
      "integrity": "sha512-zwWgvhUz7l5Z3me5gT1XbJzmj4bnz176PnawoUdlRxNARnMW3Rsk7Egzu8atWhJUL+MWEv+t8KkyHRXG39q5FA==",
      "peer": true,
      "dependencies": {
        "@pixi/core": "5.3.7",
        "@pixi/utils": "5.3.7",
        "resource-loader": "^3.0.1"
      }
    },
    "node_modules/@pixi/math": {
      "version": "5.3.7",
      "resolved": "https://registry.npmjs.org/@pixi/math/-/math-5.3.7.tgz",
      "integrity": "sha512-WnjUwX7rkxR36F0xknpsNd9BsfQosV0BbyFE0Il88IURBM3Tu9X4tC7RGJDgWU+aXw23HgHu0j+MWJrCVCM2fA==",
      "peer": true
    },
    "node_modules/@pixi/runner": {
      "version": "5.3.7",
      "resolved": "https://registry.npmjs.org/@pixi/runner/-/runner-5.3.7.tgz",
      "integrity": "sha512-kt5apNb21HAvpBaDaPRs33k2O0VzrKe13w4we8iftCpXX8w68ErAY1lH68vmtDNrxnlHg4M9nRgEoMeiHlo2RA==",
      "peer": true
    },
    "node_modules/@pixi/settings": {
      "version": "5.3.7",
      "resolved": "https://registry.npmjs.org/@pixi/settings/-/settings-5.3.7.tgz",
      "integrity": "sha512-g6AoRSGWxU34gtKSQwX2AMQoLUv86L/5iIXRsqo+X4bfUSCenTci1X7ueVrSIbo39dxh6IOpriZF2Yk3TeHG5w==",
      "peer": true,
      "dependencies": {
        "ismobilejs": "^1.1.0"
      }
    },
    "node_modules/@pixi/ticker": {
      "version": "5.3.7",
      "resolved": "https://registry.npmjs.org/@pixi/ticker/-/ticker-5.3.7.tgz",
      "integrity": "sha512-ZEXiJwPtuPeWa0QmRODF5qK0+ugZu/xeq7QxCvFOCc3NFVBeGms4g92HPucOju9R7jcODIoJxtICALsuwLAr9w==",
      "peer": true,
      "dependencies": {
        "@pixi/settings": "5.3.7"
      }
    },
    "node_modules/@pixi/utils": {
      "version": "5.3.7",
      "resolved": "https://registry.npmjs.org/@pixi/utils/-/utils-5.3.7.tgz",
      "integrity": "sha512-f8zAeHHURxfwBr8MZiXEIwY2h9wbS6vN0ypvapGvKFOexZ1EInTs35FhEiRWzLEPLHyn1RgCdKzR2zl++E4tIw==",
      "peer": true,
      "dependencies": {
        "@pixi/constants": "5.3.7",
        "@pixi/settings": "5.3.7",
        "earcut": "^2.1.5",
        "eventemitter3": "^3.1.0",
        "url": "^0.11.0"
      }
    },
    "node_modules/chess.js": {
      "version": "0.11.0",
      "resolved": "https://registry.npmjs.org/chess.js/-/chess.js-0.11.0.tgz",
      "integrity": "sha512-yTpi6XbRMkBtnjSvbt6wEp9Y7JzhJl1MC3GNn67q5ClyccXxCRf5cMPSUg4OblrUapg1kLHm7WzxxEVp20NK1Q=="
    },
    "node_modules/earcut": {
      "version": "2.2.2",
      "resolved": "https://registry.npmjs.org/earcut/-/earcut-2.2.2.tgz",
      "integrity": "sha512-eZoZPPJcUHnfRZ0PjLvx2qBordSiO8ofC3vt+qACLM95u+4DovnbYNpQtJh0DNsWj8RnxrQytD4WA8gj5cRIaQ==",
      "peer": true
    },
    "node_modules/eventemitter3": {
      "version": "3.1.2",
      "resolved": "https://registry.npmjs.org/eventemitter3/-/eventemitter3-3.1.2.tgz",
      "integrity": "sha512-tvtQIeLVHjDkJYnzf2dgVMxfuSGJeM/7UCG17TT4EumTfNtF+0nebF/4zWOIkCreAbtNqhGEboB6BWrwqNaw4Q==",
      "peer": true
    },
    "node_modules/ismobilejs": {
      "version": "1.1.1",
      "resolved": "https://registry.npmjs.org/ismobilejs/-/ismobilejs-1.1.1.tgz",
      "integrity": "sha512-VaFW53yt8QO61k2WJui0dHf4SlL8lxBofUuUmwBo0ljPk0Drz2TiuDW4jo3wDcv41qy/SxrJ+VAzJ/qYqsmzRw==",
      "peer": true
    },
    "node_modules/mini-signals": {
      "version": "1.2.0",
      "resolved": "https://registry.npmjs.org/mini-signals/-/mini-signals-1.2.0.tgz",
      "integrity": "sha1-RbCAE8X65RokqhqTXNMXye1yHXQ=",
      "peer": true
    },
    "node_modules/parse-uri": {
      "version": "1.0.3",
      "resolved": "https://registry.npmjs.org/parse-uri/-/parse-uri-1.0.3.tgz",
      "integrity": "sha512-upMnGxNcm+45So85HoguwZTVZI9u11i36DdxJfGF2HYWS2eh3TIx7+/tTi7qrEq15qzGkVhsKjesau+kCk48pA==",
      "peer": true,
      "engines": {
        "node": ">= 0.10"
      }
    },
    "node_modules/pixi-sound": {
      "version": "3.0.5",
      "resolved": "https://registry.npmjs.org/pixi-sound/-/pixi-sound-3.0.5.tgz",
      "integrity": "sha512-I3qDfaDI3xSwMuH8ZbhIyoZiRv0jEDxR60D2rBZTTvlK5owxo5Sx4vDaQlrIyETilTU0xvBtiwh7fPGKBOsCTw==",
      "peerDependencies": {
        "@pixi/core": "^5.0.2",
        "@pixi/loaders": "^5.0.2",
        "@pixi/ticker": "^5.0.1",
        "@pixi/utils": "^5.0.1"
      }
    },
    "node_modules/punycode": {
      "version": "1.3.2",
      "resolved": "https://registry.npmjs.org/punycode/-/punycode-1.3.2.tgz",
      "integrity": "sha1-llOgNvt8HuQjQvIyXM7v6jkmxI0=",
      "peer": true
    },
    "node_modules/querystring": {
      "version": "0.2.0",
      "resolved": "https://registry.npmjs.org/querystring/-/querystring-0.2.0.tgz",
      "integrity": "sha1-sgmEkgO7Jd+CDadW50cAWHhSFiA=",
      "peer": true,
      "engines": {
        "node": ">=0.4.x"
      }
    },
    "node_modules/resource-loader": {
      "version": "3.0.1",
      "resolved": "https://registry.npmjs.org/resource-loader/-/resource-loader-3.0.1.tgz",
      "integrity": "sha512-fBuCRbEHdLCI1eglzQhUv9Rrdcmqkydr1r6uHE2cYHvRBrcLXeSmbE/qI/urFt8rPr/IGxir3BUwM5kUK8XoyA==",
      "peer": true,
      "dependencies": {
        "mini-signals": "^1.2.0",
        "parse-uri": "^1.0.0"
      }
    },
    "node_modules/url": {
      "version": "0.11.0",
      "resolved": "https://registry.npmjs.org/url/-/url-0.11.0.tgz",
      "integrity": "sha1-ODjpfPxgUh63PFJajlW/3Z4uKPE=",
      "peer": true,
      "dependencies": {
        "punycode": "1.3.2",
        "querystring": "0.2.0"
      }
    }
  },
  "dependencies": {
    "@pixi/constants": {
      "version": "5.3.7",
      "resolved": "https://registry.npmjs.org/@pixi/constants/-/constants-5.3.7.tgz",
      "integrity": "sha512-MBcgIM/mSqonFezkCI9080IqNlc0wb8S9QJ5otBdseOWUQa/ua2jF7Jd1sCBGmi0IzS9/NOHFXzZVTdS7AC7Ow==",
      "peer": true
    },
    "@pixi/core": {
      "version": "5.3.7",
      "resolved": "https://registry.npmjs.org/@pixi/core/-/core-5.3.7.tgz",
      "integrity": "sha512-WBhU2f5aJSVVaFP55FFBFKjKlRf5fYGxgA/U3kD4yD4Y3d3d6V3MIZv+o0VX+kBs1Eq7ePZqEv2smDrlzzMEjQ==",
      "peer": true,
      "requires": {
        "@pixi/constants": "5.3.7",
        "@pixi/math": "5.3.7",
        "@pixi/runner": "5.3.7",
        "@pixi/settings": "5.3.7",
        "@pixi/ticker": "5.3.7",
        "@pixi/utils": "5.3.7"
      }
    },
    "@pixi/loaders": {
      "version": "5.3.7",
      "resolved": "https://registry.npmjs.org/@pixi/loaders/-/loaders-5.3.7.tgz",
      "integrity": "sha512-zwWgvhUz7l5Z3me5gT1XbJzmj4bnz176PnawoUdlRxNARnMW3Rsk7Egzu8atWhJUL+MWEv+t8KkyHRXG39q5FA==",
      "peer": true,
      "requires": {
        "@pixi/core": "5.3.7",
        "@pixi/utils": "5.3.7",
        "resource-loader": "^3.0.1"
      }
    },
    "@pixi/math": {
      "version": "5.3.7",
      "resolved": "https://registry.npmjs.org/@pixi/math/-/math-5.3.7.tgz",
      "integrity": "sha512-WnjUwX7rkxR36F0xknpsNd9BsfQosV0BbyFE0Il88IURBM3Tu9X4tC7RGJDgWU+aXw23HgHu0j+MWJrCVCM2fA==",
      "peer": true
    },
    "@pixi/runner": {
      "version": "5.3.7",
      "resolved": "https://registry.npmjs.org/@pixi/runner/-/runner-5.3.7.tgz",
      "integrity": "sha512-kt5apNb21HAvpBaDaPRs33k2O0VzrKe13w4we8iftCpXX8w68ErAY1lH68vmtDNrxnlHg4M9nRgEoMeiHlo2RA==",
      "peer": true
    },
    "@pixi/settings": {
      "version": "5.3.7",
      "resolved": "https://registry.npmjs.org/@pixi/settings/-/settings-5.3.7.tgz",
      "integrity": "sha512-g6AoRSGWxU34gtKSQwX2AMQoLUv86L/5iIXRsqo+X4bfUSCenTci1X7ueVrSIbo39dxh6IOpriZF2Yk3TeHG5w==",
      "peer": true,
      "requires": {
        "ismobilejs": "^1.1.0"
      }
    },
    "@pixi/ticker": {
      "version": "5.3.7",
      "resolved": "https://registry.npmjs.org/@pixi/ticker/-/ticker-5.3.7.tgz",
      "integrity": "sha512-ZEXiJwPtuPeWa0QmRODF5qK0+ugZu/xeq7QxCvFOCc3NFVBeGms4g92HPucOju9R7jcODIoJxtICALsuwLAr9w==",
      "peer": true,
      "requires": {
        "@pixi/settings": "5.3.7"
      }
    },
    "@pixi/utils": {
      "version": "5.3.7",
      "resolved": "https://registry.npmjs.org/@pixi/utils/-/utils-5.3.7.tgz",
      "integrity": "sha512-f8zAeHHURxfwBr8MZiXEIwY2h9wbS6vN0ypvapGvKFOexZ1EInTs35FhEiRWzLEPLHyn1RgCdKzR2zl++E4tIw==",
      "peer": true,
      "requires": {
        "@pixi/constants": "5.3.7",
        "@pixi/settings": "5.3.7",
        "earcut": "^2.1.5",
        "eventemitter3": "^3.1.0",
        "url": "^0.11.0"
      }
    },
    "chess.js": {
      "version": "0.11.0",
      "resolved": "https://registry.npmjs.org/chess.js/-/chess.js-0.11.0.tgz",
      "integrity": "sha512-yTpi6XbRMkBtnjSvbt6wEp9Y7JzhJl1MC3GNn67q5ClyccXxCRf5cMPSUg4OblrUapg1kLHm7WzxxEVp20NK1Q=="
    },
    "earcut": {
      "version": "2.2.2",
      "resolved": "https://registry.npmjs.org/earcut/-/earcut-2.2.2.tgz",
      "integrity": "sha512-eZoZPPJcUHnfRZ0PjLvx2qBordSiO8ofC3vt+qACLM95u+4DovnbYNpQtJh0DNsWj8RnxrQytD4WA8gj5cRIaQ==",
      "peer": true
    },
    "eventemitter3": {
      "version": "3.1.2",
      "resolved": "https://registry.npmjs.org/eventemitter3/-/eventemitter3-3.1.2.tgz",
      "integrity": "sha512-tvtQIeLVHjDkJYnzf2dgVMxfuSGJeM/7UCG17TT4EumTfNtF+0nebF/4zWOIkCreAbtNqhGEboB6BWrwqNaw4Q==",
      "peer": true
    },
    "ismobilejs": {
      "version": "1.1.1",
      "resolved": "https://registry.npmjs.org/ismobilejs/-/ismobilejs-1.1.1.tgz",
      "integrity": "sha512-VaFW53yt8QO61k2WJui0dHf4SlL8lxBofUuUmwBo0ljPk0Drz2TiuDW4jo3wDcv41qy/SxrJ+VAzJ/qYqsmzRw==",
      "peer": true
    },
    "mini-signals": {
      "version": "1.2.0",
      "resolved": "https://registry.npmjs.org/mini-signals/-/mini-signals-1.2.0.tgz",
      "integrity": "sha1-RbCAE8X65RokqhqTXNMXye1yHXQ=",
      "peer": true
    },
    "parse-uri": {
      "version": "1.0.3",
      "resolved": "https://registry.npmjs.org/parse-uri/-/parse-uri-1.0.3.tgz",
      "integrity": "sha512-upMnGxNcm+45So85HoguwZTVZI9u11i36DdxJfGF2HYWS2eh3TIx7+/tTi7qrEq15qzGkVhsKjesau+kCk48pA==",
      "peer": true
    },
    "pixi-sound": {
      "version": "3.0.5",
      "resolved": "https://registry.npmjs.org/pixi-sound/-/pixi-sound-3.0.5.tgz",
      "integrity": "sha512-I3qDfaDI3xSwMuH8ZbhIyoZiRv0jEDxR60D2rBZTTvlK5owxo5Sx4vDaQlrIyETilTU0xvBtiwh7fPGKBOsCTw==",
      "requires": {}
    },
    "punycode": {
      "version": "1.3.2",
      "resolved": "https://registry.npmjs.org/punycode/-/punycode-1.3.2.tgz",
      "integrity": "sha1-llOgNvt8HuQjQvIyXM7v6jkmxI0=",
      "peer": true
    },
    "querystring": {
      "version": "0.2.0",
      "resolved": "https://registry.npmjs.org/querystring/-/querystring-0.2.0.tgz",
      "integrity": "sha1-sgmEkgO7Jd+CDadW50cAWHhSFiA=",
      "peer": true
    },
    "resource-loader": {
      "version": "3.0.1",
      "resolved": "https://registry.npmjs.org/resource-loader/-/resource-loader-3.0.1.tgz",
      "integrity": "sha512-fBuCRbEHdLCI1eglzQhUv9Rrdcmqkydr1r6uHE2cYHvRBrcLXeSmbE/qI/urFt8rPr/IGxir3BUwM5kUK8XoyA==",
      "peer": true,
      "requires": {
        "mini-signals": "^1.2.0",
        "parse-uri": "^1.0.0"
      }
    },
    "url": {
      "version": "0.11.0",
      "resolved": "https://registry.npmjs.org/url/-/url-0.11.0.tgz",
      "integrity": "sha1-ODjpfPxgUh63PFJajlW/3Z4uKPE=",
      "peer": true,
      "requires": {
        "punycode": "1.3.2",
        "querystring": "0.2.0"
      }
    }
  }
}
